
Microsoft Visual Studio Solution File, Format Version 12.00
# Visual Studio Version 16
VisualStudioVersion = 16.0.31025.194
MinimumVisualStudioVersion = 10.0.40219.1
Project("{9A19103F-16F7-4668-BE54-9A1E7A4F7556}") = "DoStuff.Site", "DoStuff.Site\DoStuff.Site.csproj", "{6DC790B0-FF65-4D84-88D3-2F5E80C1A7AD}"
EndProject
Project("{FAE04EC0-301F-11D3-BF4B-00C04F79EFBC}") = "DoStuff.Core", "DoStuff.Core\DoStuff.Core.csproj", "{8F5F24D1-11FD-4C02-B07D-D9354823B3CE}"
EndProject
Global
	GlobalSection(SolutionConfigurationPlatforms) = preSolution
		Debug|Any CPU = Debug|Any CPU
		Release|Any CPU = Release|Any CPU
	EndGlobalSection
	GlobalSection(ProjectConfigurationPlatforms) = postSolution
		{6DC790B0-FF65-4D84-88D3-2F5E80C1A7AD}.Debug|Any CPU.ActiveCfg = Debug|Any CPU
		{6DC790B0-FF65-4D84-88D3-2F5E80C1A7AD}.Debug|Any CPU.Build.0 = Debug|Any CPU
		{6DC790B0-FF65-4D84-88D3-2F5E80C1A7AD}.Release|Any CPU.ActiveCfg = Release|Any CPU
		{6DC790B0-FF65-4D84-88D3-2F5E80C1A7AD}.Release|Any CPU.Build.0 = Release|Any CPU
		{8F5F24D1-11FD-4C02-B07D-D9354823B3CE}.Debug|Any CPU.ActiveCfg = Debug|Any CPU
		{8F5F24D1-11FD-4C02-B07D-D9354823B3CE}.Debug|Any CPU.Build.0 = Debug|Any CPU
		{8F5F24D1-11FD-4C02-B07D-D9354823B3CE}.Release|Any CPU.ActiveCfg = Release|Any CPU
		{8F5F24D1-11FD-4C02-B07D-D9354823B3CE}.Release|Any CPU.Build.0 = Release|Any CPU
	EndGlobalSection
	GlobalSection(SolutionProperties) = preSolution
		HideSolutionNode = FALSE
	EndGlobalSection
	GlobalSection(ExtensibilityGlobals) = postSolution
		SolutionGuid = {89363B6B-7A88-4914-B351-D786CAC34DF2}
	EndGlobalSection
EndGlobal
