
Microsoft Visual Studio Solution File, Format Version 12.00
# Visual Studio Version 16
VisualStudioVersion = 16.0.29123.88
MinimumVisualStudioVersion = 10.0.40219.1
Project("{FAE04EC0-301F-11D3-BF4B-00C04F79EFBC}") = "DoStuff.Site", "DoStuff.Site\DoStuff.Site.csproj", "{48E7F8E1-9943-4083-8DA7-09DC1D253495}"
EndProject
Project("{FAE04EC0-301F-11D3-BF4B-00C04F79EFBC}") = "DoStuff.Core", "DoStuff.Core\DoStuff.Core.csproj", "{99494BA3-3AD3-4C1D-9CEB-9D938B609101}"
EndProject
Project("{2150E333-8FDC-42A3-9474-1A3956D46DE8}") = "Solution Files", "Solution Files", "{EE28B7FB-ABE4-44FA-A9CA-E02E5F2867BC}"
	ProjectSection(SolutionItems) = preProject
		..\GettingStarted.md = ..\GettingStarted.md
		gulpfile.js = gulpfile.js
		..\readme.md = ..\readme.md
	EndProjectSection
EndProject
Global
	GlobalSection(SolutionConfigurationPlatforms) = preSolution
		Debug|Any CPU = Debug|Any CPU
		Release|Any CPU = Release|Any CPU
	EndGlobalSection
	GlobalSection(ProjectConfigurationPlatforms) = postSolution
		{48E7F8E1-9943-4083-8DA7-09DC1D253495}.Debug|Any CPU.ActiveCfg = Debug|Any CPU
		{48E7F8E1-9943-4083-8DA7-09DC1D253495}.Debug|Any CPU.Build.0 = Debug|Any CPU
		{48E7F8E1-9943-4083-8DA7-09DC1D253495}.Release|Any CPU.ActiveCfg = Release|Any CPU
		{48E7F8E1-9943-4083-8DA7-09DC1D253495}.Release|Any CPU.Build.0 = Release|Any CPU
		{99494BA3-3AD3-4C1D-9CEB-9D938B609101}.Debug|Any CPU.ActiveCfg = Debug|Any CPU
		{99494BA3-3AD3-4C1D-9CEB-9D938B609101}.Debug|Any CPU.Build.0 = Debug|Any CPU
		{99494BA3-3AD3-4C1D-9CEB-9D938B609101}.Release|Any CPU.ActiveCfg = Release|Any CPU
		{99494BA3-3AD3-4C1D-9CEB-9D938B609101}.Release|Any CPU.Build.0 = Release|Any CPU
	EndGlobalSection
	GlobalSection(SolutionProperties) = preSolution
		HideSolutionNode = FALSE
	EndGlobalSection
	GlobalSection(ExtensibilityGlobals) = postSolution
		SolutionGuid = {8CBF587E-85FB-49FB-9E7D-895F755CC0F2}
	EndGlobalSection
EndGlobal
